// !$*UTF8*$!
{
	archiveVersion = 1;
	classes = {
	};
	objectVersion = 55;
	objects = {

/* Begin PBXBuildFile section */
		A077A420288540C000235AAB /* OneLoginRebuild.h in Headers */ = {isa = PBXBuildFile; fileRef = A077A41F288540C000235AAB /* OneLoginRebuild.h */; settings = {ATTRIBUTES = (Public, ); }; };
		A077A4722885465000235AAB /* OneLoginRebuild.swift in Sources */ = {isa = PBXBuildFile; fileRef = A077A4712885465000235AAB /* OneLoginRebuild.swift */; };
		A077A4A52885602C00235AAB /* OneLoginResource.bundle in Resources */ = {isa = PBXBuildFile; fileRef = A077A4922885602C00235AAB /* OneLoginResource.bundle */; };
		A077A4A62885602C00235AAB /* OneLoginSDK.h in Headers */ = {isa = PBXBuildFile; fileRef = A077A4942885602C00235AAB /* OneLoginSDK.h */; settings = {ATTRIBUTES = (Public, ); }; };
		A077A4A72885602C00235AAB /* OLSizeUtil.h in Headers */ = {isa = PBXBuildFile; fileRef = A077A4952885602C00235AAB /* OLSizeUtil.h */; settings = {ATTRIBUTES = (Public, ); }; };
		A077A4A82885602C00235AAB /* OLNavigationView.h in Headers */ = {isa = PBXBuildFile; fileRef = A077A4962885602C00235AAB /* OLNavigationView.h */; settings = {ATTRIBUTES = (Public, ); }; };
		A077A4A92885602C00235AAB /* OLNetworkInfo.h in Headers */ = {isa = PBXBuildFile; fileRef = A077A4972885602C00235AAB /* OLNetworkInfo.h */; settings = {ATTRIBUTES = (Public, ); }; };
		A077A4AA2885602C00235AAB /* OneLogin.h in Headers */ = {isa = PBXBuildFile; fileRef = A077A4982885602C00235AAB /* OneLogin.h */; settings = {ATTRIBUTES = (Public, ); }; };
		A077A4AB2885602C00235AAB /* OneLoginPro.h in Headers */ = {isa = PBXBuildFile; fileRef = A077A4992885602C00235AAB /* OneLoginPro.h */; settings = {ATTRIBUTES = (Public, ); }; };
		A077A4AC2885602C00235AAB /* OLErrorInfo.h in Headers */ = {isa = PBXBuildFile; fileRef = A077A49A2885602C00235AAB /* OLErrorInfo.h */; settings = {ATTRIBUTES = (Public, ); }; };
		A077A4AD2885602C00235AAB /* OLConstants.h in Headers */ = {isa = PBXBuildFile; fileRef = A077A49B2885602C00235AAB /* OLConstants.h */; settings = {ATTRIBUTES = (Public, ); }; };
		A077A4AE2885602C00235AAB /* GTOnePass.h in Headers */ = {isa = PBXBuildFile; fileRef = A077A49C2885602C00235AAB /* GTOnePass.h */; settings = {ATTRIBUTES = (Public, ); }; };
		A077A4AF2885602C00235AAB /* OLAuthViewModel.h in Headers */ = {isa = PBXBuildFile; fileRef = A077A49D2885602C00235AAB /* OLAuthViewModel.h */; settings = {ATTRIBUTES = (Public, ); }; };
		A077A4B02885602C00235AAB /* OLAgreementView.h in Headers */ = {isa = PBXBuildFile; fileRef = A077A49E2885602C00235AAB /* OLAgreementView.h */; settings = {ATTRIBUTES = (Public, ); }; };
		A077A4B12885602C00235AAB /* OLKeyWindowUtil.h in Headers */ = {isa = PBXBuildFile; fileRef = A077A49F2885602C00235AAB /* OLKeyWindowUtil.h */; settings = {ATTRIBUTES = (Public, ); }; };
		A077A4B22885602C00235AAB /* GOPManager.h in Headers */ = {isa = PBXBuildFile; fileRef = A077A4A02885602C00235AAB /* GOPManager.h */; settings = {ATTRIBUTES = (Public, ); }; };
		A077A4B32885602C00235AAB /* GOPError.h in Headers */ = {isa = PBXBuildFile; fileRef = A077A4A12885602C00235AAB /* GOPError.h */; settings = {ATTRIBUTES = (Public, ); }; };
		A077A4B42885602C00235AAB /* OLButton.h in Headers */ = {isa = PBXBuildFile; fileRef = A077A4A22885602C00235AAB /* OLButton.h */; settings = {ATTRIBUTES = (Public, ); }; };
		A077A4B52885602C00235AAB /* OLPrivacyTermItem.h in Headers */ = {isa = PBXBuildFile; fileRef = A077A4A32885602C00235AAB /* OLPrivacyTermItem.h */; settings = {ATTRIBUTES = (Public, ); }; };
		A077A4B62885602C00235AAB /* OneLoginSDK in Frameworks */ = {isa = PBXBuildFile; fileRef = A077A4A42885602C00235AAB /* OneLoginSDK */; };
		A08DCD152886809500EC9C4F /* account_login_sdk_noui_core.h in Headers */ = {isa = PBXBuildFile; fileRef = A077A48128855FFE00235AAB /* account_login_sdk_noui_core.h */; settings = {ATTRIBUTES = (Public, ); }; };
		A08DCD162886809500EC9C4F /* UniAuthHelper.h in Headers */ = {isa = PBXBuildFile; fileRef = A077A48028855FFE00235AAB /* UniAuthHelper.h */; settings = {ATTRIBUTES = (Public, ); }; };
		A08DCD17288680C500EC9C4F /* account_login_sdk_noui_core in Frameworks */ = {isa = PBXBuildFile; fileRef = A077A47E28855FFE00235AAB /* account_login_sdk_noui_core */; };
		A08DCD24288683E500EC9C4F /* EAccountApiSDK in Frameworks */ = {isa = PBXBuildFile; fileRef = A077A47328855FE100235AAB /* EAccountApiSDK */; };
		A08DCD25288683EE00EC9C4F /* EAccountCTEConfig.h in Headers */ = {isa = PBXBuildFile; fileRef = A077A47728855FE800235AAB /* EAccountCTEConfig.h */; settings = {ATTRIBUTES = (Public, ); }; };
		A08DCD26288683EE00EC9C4F /* EAccountSDK.h in Headers */ = {isa = PBXBuildFile; fileRef = A077A47628855FE800235AAB /* EAccountSDK.h */; settings = {ATTRIBUTES = (Public, ); }; };
		A08DCD27288683EE00EC9C4F /* EAccountJSEventHandler.h in Headers */ = {isa = PBXBuildFile; fileRef = A077A47828855FE800235AAB /* EAccountJSEventHandler.h */; settings = {ATTRIBUTES = (Public, ); }; };
		A08DCD28288683EE00EC9C4F /* EAccountPreLoginConfigModel.h in Headers */ = {isa = PBXBuildFile; fileRef = A077A47928855FE800235AAB /* EAccountPreLoginConfigModel.h */; settings = {ATTRIBUTES = (Public, ); }; };
		A0A2EA3A28865E9E00A574EC /* TYRZUISDK in Frameworks */ = {isa = PBXBuildFile; fileRef = A077A4852885601D00235AAB /* TYRZUISDK */; };
		A0A2EA3B28865EAA00A574EC /* TYRZUISDK.h in Headers */ = {isa = PBXBuildFile; fileRef = A077A48B2885601D00235AAB /* TYRZUISDK.h */; settings = {ATTRIBUTES = (Public, ); }; };
		A0A2EA3C28865EAA00A574EC /* UAEnums.h in Headers */ = {isa = PBXBuildFile; fileRef = A077A4892885601D00235AAB /* UAEnums.h */; settings = {ATTRIBUTES = (Public, ); }; };
		A0A2EA3D28865EAA00A574EC /* UACustomModel.h in Headers */ = {isa = PBXBuildFile; fileRef = A077A48A2885601D00235AAB /* UACustomModel.h */; settings = {ATTRIBUTES = (Public, ); }; };
		A0A2EA3E28865EAA00A574EC /* UASDKErrorCode.h in Headers */ = {isa = PBXBuildFile; fileRef = A077A4872885601D00235AAB /* UASDKErrorCode.h */; settings = {ATTRIBUTES = (Public, ); }; };
		A0A2EA3F28865EAA00A574EC /* UASDKLogin.h in Headers */ = {isa = PBXBuildFile; fileRef = A077A4882885601D00235AAB /* UASDKLogin.h */; settings = {ATTRIBUTES = (Public, ); }; };
/* End PBXBuildFile section */

/* Begin PBXFileReference section */
		A077A41C288540C000235AAB /* OneLoginRebuild.framework */ = {isa = PBXFileReference; explicitFileType = wrapper.framework; includeInIndex = 0; path = OneLoginRebuild.framework; sourceTree = BUILT_PRODUCTS_DIR; };
		A077A41F288540C000235AAB /* OneLoginRebuild.h */ = {isa = PBXFileReference; lastKnownFileType = sourcecode.c.h; path = OneLoginRebuild.h; sourceTree = "<group>"; };
		A077A4712885465000235AAB /* OneLoginRebuild.swift */ = {isa = PBXFileReference; lastKnownFileType = sourcecode.swift; path = OneLoginRebuild.swift; sourceTree = "<group>"; };
		A077A47328855FE100235AAB /* EAccountApiSDK */ = {isa = PBXFileReference; lastKnownFileType = archive.ar; path = EAccountApiSDK; sourceTree = "<group>"; };
		A077A47628855FE800235AAB /* EAccountSDK.h */ = {isa = PBXFileReference; fileEncoding = 4; lastKnownFileType = sourcecode.c.h; path = EAccountSDK.h; sourceTree = "<group>"; };
		A077A47728855FE800235AAB /* EAccountCTEConfig.h */ = {isa = PBXFileReference; fileEncoding = 4; lastKnownFileType = sourcecode.c.h; path = EAccountCTEConfig.h; sourceTree = "<group>"; };
		A077A47828855FE800235AAB /* EAccountJSEventHandler.h */ = {isa = PBXFileReference; fileEncoding = 4; lastKnownFileType = sourcecode.c.h; path = EAccountJSEventHandler.h; sourceTree = "<group>"; };
		A077A47928855FE800235AAB /* EAccountPreLoginConfigModel.h */ = {isa = PBXFileReference; fileEncoding = 4; lastKnownFileType = sourcecode.c.h; path = EAccountPreLoginConfigModel.h; sourceTree = "<group>"; };
		A077A47E28855FFE00235AAB /* account_login_sdk_noui_core */ = {isa = PBXFileReference; lastKnownFileType = archive.ar; path = account_login_sdk_noui_core; sourceTree = "<group>"; };
		A077A48028855FFE00235AAB /* UniAuthHelper.h */ = {isa = PBXFileReference; fileEncoding = 4; lastKnownFileType = sourcecode.c.h; path = UniAuthHelper.h; sourceTree = "<group>"; };
		A077A48128855FFE00235AAB /* account_login_sdk_noui_core.h */ = {isa = PBXFileReference; fileEncoding = 4; lastKnownFileType = sourcecode.c.h; path = account_login_sdk_noui_core.h; sourceTree = "<group>"; };
		A077A4852885601D00235AAB /* TYRZUISDK */ = {isa = PBXFileReference; lastKnownFileType = archive.ar; path = TYRZUISDK; sourceTree = "<group>"; };
		A077A4872885601D00235AAB /* UASDKErrorCode.h */ = {isa = PBXFileReference; fileEncoding = 4; lastKnownFileType = sourcecode.c.h; path = UASDKErrorCode.h; sourceTree = "<group>"; };
		A077A4882885601D00235AAB /* UASDKLogin.h */ = {isa = PBXFileReference; fileEncoding = 4; lastKnownFileType = sourcecode.c.h; path = UASDKLogin.h; sourceTree = "<group>"; };
		A077A4892885601D00235AAB /* UAEnums.h */ = {isa = PBXFileReference; fileEncoding = 4; lastKnownFileType = sourcecode.c.h; path = UAEnums.h; sourceTree = "<group>"; };
		A077A48A2885601D00235AAB /* UACustomModel.h */ = {isa = PBXFileReference; fileEncoding = 4; lastKnownFileType = sourcecode.c.h; path = UACustomModel.h; sourceTree = "<group>"; };
		A077A48B2885601D00235AAB /* TYRZUISDK.h */ = {isa = PBXFileReference; fileEncoding = 4; lastKnownFileType = sourcecode.c.h; path = TYRZUISDK.h; sourceTree = "<group>"; };
		A077A4922885602C00235AAB /* OneLoginResource.bundle */ = {isa = PBXFileReference; lastKnownFileType = "wrapper.plug-in"; path = OneLoginResource.bundle; sourceTree = "<group>"; };
		A077A4942885602C00235AAB /* OneLoginSDK.h */ = {isa = PBXFileReference; fileEncoding = 4; lastKnownFileType = sourcecode.c.h; path = OneLoginSDK.h; sourceTree = "<group>"; };
		A077A4952885602C00235AAB /* OLSizeUtil.h */ = {isa = PBXFileReference; fileEncoding = 4; lastKnownFileType = sourcecode.c.h; path = OLSizeUtil.h; sourceTree = "<group>"; };
		A077A4962885602C00235AAB /* OLNavigationView.h */ = {isa = PBXFileReference; fileEncoding = 4; lastKnownFileType = sourcecode.c.h; path = OLNavigationView.h; sourceTree = "<group>"; };
		A077A4972885602C00235AAB /* OLNetworkInfo.h */ = {isa = PBXFileReference; fileEncoding = 4; lastKnownFileType = sourcecode.c.h; path = OLNetworkInfo.h; sourceTree = "<group>"; };
		A077A4982885602C00235AAB /* OneLogin.h */ = {isa = PBXFileReference; fileEncoding = 4; lastKnownFileType = sourcecode.c.h; path = OneLogin.h; sourceTree = "<group>"; };
		A077A4992885602C00235AAB /* OneLoginPro.h */ = {isa = PBXFileReference; fileEncoding = 4; lastKnownFileType = sourcecode.c.h; path = OneLoginPro.h; sourceTree = "<group>"; };
		A077A49A2885602C00235AAB /* OLErrorInfo.h */ = {isa = PBXFileReference; fileEncoding = 4; lastKnownFileType = sourcecode.c.h; path = OLErrorInfo.h; sourceTree = "<group>"; };
		A077A49B2885602C00235AAB /* OLConstants.h */ = {isa = PBXFileReference; fileEncoding = 4; lastKnownFileType = sourcecode.c.h; path = OLConstants.h; sourceTree = "<group>"; };
		A077A49C2885602C00235AAB /* GTOnePass.h */ = {isa = PBXFileReference; fileEncoding = 4; lastKnownFileType = sourcecode.c.h; path = GTOnePass.h; sourceTree = "<group>"; };
		A077A49D2885602C00235AAB /* OLAuthViewModel.h */ = {isa = PBXFileReference; fileEncoding = 4; lastKnownFileType = sourcecode.c.h; path = OLAuthViewModel.h; sourceTree = "<group>"; };
		A077A49E2885602C00235AAB /* OLAgreementView.h */ = {isa = PBXFileReference; fileEncoding = 4; lastKnownFileType = sourcecode.c.h; path = OLAgreementView.h; sourceTree = "<group>"; };
		A077A49F2885602C00235AAB /* OLKeyWindowUtil.h */ = {isa = PBXFileReference; fileEncoding = 4; lastKnownFileType = sourcecode.c.h; path = OLKeyWindowUtil.h; sourceTree = "<group>"; };
		A077A4A02885602C00235AAB /* GOPManager.h */ = {isa = PBXFileReference; fileEncoding = 4; lastKnownFileType = sourcecode.c.h; path = GOPManager.h; sourceTree = "<group>"; };
		A077A4A12885602C00235AAB /* GOPError.h */ = {isa = PBXFileReference; fileEncoding = 4; lastKnownFileType = sourcecode.c.h; path = GOPError.h; sourceTree = "<group>"; };
		A077A4A22885602C00235AAB /* OLButton.h */ = {isa = PBXFileReference; fileEncoding = 4; lastKnownFileType = sourcecode.c.h; path = OLButton.h; sourceTree = "<group>"; };
		A077A4A32885602C00235AAB /* OLPrivacyTermItem.h */ = {isa = PBXFileReference; fileEncoding = 4; lastKnownFileType = sourcecode.c.h; path = OLPrivacyTermItem.h; sourceTree = "<group>"; };
		A077A4A42885602C00235AAB /* OneLoginSDK */ = {isa = PBXFileReference; lastKnownFileType = "compiled.mach-o.objfile"; path = OneLoginSDK; sourceTree = "<group>"; };
		A08DCD0E2886807D00EC9C4F /* CUCC.framework */ = {isa = PBXFileReference; explicitFileType = wrapper.framework; includeInIndex = 0; path = CUCC.framework; sourceTree = BUILT_PRODUCTS_DIR; };
		A08DCD1D288683DA00EC9C4F /* CTCC.framework */ = {isa = PBXFileReference; explicitFileType = wrapper.framework; includeInIndex = 0; path = CTCC.framework; sourceTree = BUILT_PRODUCTS_DIR; };
		A0A2EA3328865E7300A574EC /* CMCC.framework */ = {isa = PBXFileReference; explicitFileType = wrapper.framework; includeInIndex = 0; path = CMCC.framework; sourceTree = BUILT_PRODUCTS_DIR; };
/* End PBXFileReference section */

/* Begin PBXFrameworksBuildPhase section */
		A077A419288540C000235AAB /* Frameworks */ = {
			isa = PBXFrameworksBuildPhase;
			buildActionMask = 2147483647;
			files = (
				A077A4B62885602C00235AAB /* OneLoginSDK in Frameworks */,
			);
			runOnlyForDeploymentPostprocessing = 0;
		};
		A08DCD0B2886807D00EC9C4F /* Frameworks */ = {
			isa = PBXFrameworksBuildPhase;
			buildActionMask = 2147483647;
			files = (
				A08DCD17288680C500EC9C4F /* account_login_sdk_noui_core in Frameworks */,
			);
			runOnlyForDeploymentPostprocessing = 0;
		};
		A08DCD1A288683DA00EC9C4F /* Frameworks */ = {
			isa = PBXFrameworksBuildPhase;
			buildActionMask = 2147483647;
			files = (
				A08DCD24288683E500EC9C4F /* EAccountApiSDK in Frameworks */,
			);
			runOnlyForDeploymentPostprocessing = 0;
		};
		A0A2EA3028865E7300A574EC /* Frameworks */ = {
			isa = PBXFrameworksBuildPhase;
			buildActionMask = 2147483647;
			files = (
				A0A2EA3A28865E9E00A574EC /* TYRZUISDK in Frameworks */,
			);
			runOnlyForDeploymentPostprocessing = 0;
		};
/* End PBXFrameworksBuildPhase section */

/* Begin PBXGroup section */
		A077A412288540C000235AAB = {
			isa = PBXGroup;
			children = (
				A077A426288540E800235AAB /* Library */,
				A077A41E288540C000235AAB /* OneLoginRebuild */,
				A077A41D288540C000235AAB /* Products */,
				A08DCD29288688D400EC9C4F /* Frameworks */,
			);
			sourceTree = "<group>";
		};
		A077A41D288540C000235AAB /* Products */ = {
			isa = PBXGroup;
			children = (
				A077A41C288540C000235AAB /* OneLoginRebuild.framework */,
				A0A2EA3328865E7300A574EC /* CMCC.framework */,
				A08DCD0E2886807D00EC9C4F /* CUCC.framework */,
				A08DCD1D288683DA00EC9C4F /* CTCC.framework */,
			);
			name = Products;
			sourceTree = "<group>";
		};
		A077A41E288540C000235AAB /* OneLoginRebuild */ = {
			isa = PBXGroup;
			children = (
				A077A41F288540C000235AAB /* OneLoginRebuild.h */,
				A077A4712885465000235AAB /* OneLoginRebuild.swift */,
			);
			path = OneLoginRebuild;
			sourceTree = "<group>";
		};
		A077A426288540E800235AAB /* Library */ = {
			isa = PBXGroup;
			children = (
				A077A44D288541E200235AAB /* CMCC */,
				A077A44F288541ED00235AAB /* CTCC */,
				A077A44E288541E900235AAB /* CUCC */,
				A077A427288540F200235AAB /* OneLogin */,
			);
			path = Library;
			sourceTree = "<group>";
		};
		A077A427288540F200235AAB /* OneLogin */ = {
			isa = PBXGroup;
			children = (
				A077A4932885602C00235AAB /* Headers */,
				A077A4A42885602C00235AAB /* OneLoginSDK */,
				A077A4922885602C00235AAB /* OneLoginResource.bundle */,
			);
			path = OneLogin;
			sourceTree = "<group>";
		};
		A077A44D288541E200235AAB /* CMCC */ = {
			isa = PBXGroup;
			children = (
				A077A4862885601D00235AAB /* Headers */,
				A077A4852885601D00235AAB /* TYRZUISDK */,
			);
			path = CMCC;
			sourceTree = "<group>";
		};
		A077A44E288541E900235AAB /* CUCC */ = {
			isa = PBXGroup;
			children = (
				A077A47E28855FFE00235AAB /* account_login_sdk_noui_core */,
				A077A47F28855FFE00235AAB /* Headers */,
			);
			path = CUCC;
			sourceTree = "<group>";
		};
		A077A44F288541ED00235AAB /* CTCC */ = {
			isa = PBXGroup;
			children = (
				A077A47328855FE100235AAB /* EAccountApiSDK */,
				A077A47528855FE800235AAB /* Headers */,
			);
			path = CTCC;
			sourceTree = "<group>";
		};
		A077A47528855FE800235AAB /* Headers */ = {
			isa = PBXGroup;
			children = (
				A077A47628855FE800235AAB /* EAccountSDK.h */,
				A077A47728855FE800235AAB /* EAccountCTEConfig.h */,
				A077A47828855FE800235AAB /* EAccountJSEventHandler.h */,
				A077A47928855FE800235AAB /* EAccountPreLoginConfigModel.h */,
			);
			path = Headers;
			sourceTree = "<group>";
		};
		A077A47F28855FFE00235AAB /* Headers */ = {
			isa = PBXGroup;
			children = (
				A077A48028855FFE00235AAB /* UniAuthHelper.h */,
				A077A48128855FFE00235AAB /* account_login_sdk_noui_core.h */,
			);
			path = Headers;
			sourceTree = "<group>";
		};
		A077A4862885601D00235AAB /* Headers */ = {
			isa = PBXGroup;
			children = (
				A077A4872885601D00235AAB /* UASDKErrorCode.h */,
				A077A4882885601D00235AAB /* UASDKLogin.h */,
				A077A4892885601D00235AAB /* UAEnums.h */,
				A077A48A2885601D00235AAB /* UACustomModel.h */,
				A077A48B2885601D00235AAB /* TYRZUISDK.h */,
			);
			path = Headers;
			sourceTree = "<group>";
		};
		A077A4932885602C00235AAB /* Headers */ = {
			isa = PBXGroup;
			children = (
				A077A4942885602C00235AAB /* OneLoginSDK.h */,
				A077A4952885602C00235AAB /* OLSizeUtil.h */,
				A077A4962885602C00235AAB /* OLNavigationView.h */,
				A077A4972885602C00235AAB /* OLNetworkInfo.h */,
				A077A4982885602C00235AAB /* OneLogin.h */,
				A077A4992885602C00235AAB /* OneLoginPro.h */,
				A077A49A2885602C00235AAB /* OLErrorInfo.h */,
				A077A49B2885602C00235AAB /* OLConstants.h */,
				A077A49C2885602C00235AAB /* GTOnePass.h */,
				A077A49D2885602C00235AAB /* OLAuthViewModel.h */,
				A077A49E2885602C00235AAB /* OLAgreementView.h */,
				A077A49F2885602C00235AAB /* OLKeyWindowUtil.h */,
				A077A4A02885602C00235AAB /* GOPManager.h */,
				A077A4A12885602C00235AAB /* GOPError.h */,
				A077A4A22885602C00235AAB /* OLButton.h */,
				A077A4A32885602C00235AAB /* OLPrivacyTermItem.h */,
			);
			path = Headers;
			sourceTree = "<group>";
		};
		A08DCD29288688D400EC9C4F /* Frameworks */ = {
			isa = PBXGroup;
			children = (
			);
			name = Frameworks;
			sourceTree = "<group>";
		};
/* End PBXGroup section */

/* Begin PBXHeadersBuildPhase section */
		A077A417288540C000235AAB /* Headers */ = {
			isa = PBXHeadersBuildPhase;
			buildActionMask = 2147483647;
			files = (
				A077A4A62885602C00235AAB /* OneLoginSDK.h in Headers */,
				A077A4AC2885602C00235AAB /* OLErrorInfo.h in Headers */,
				A077A4B02885602C00235AAB /* OLAgreementView.h in Headers */,
				A077A4AD2885602C00235AAB /* OLConstants.h in Headers */,
				A077A4AF2885602C00235AAB /* OLAuthViewModel.h in Headers */,
				A077A4AE2885602C00235AAB /* GTOnePass.h in Headers */,
				A077A4B52885602C00235AAB /* OLPrivacyTermItem.h in Headers */,
				A077A4B12885602C00235AAB /* OLKeyWindowUtil.h in Headers */,
				A077A4AB2885602C00235AAB /* OneLoginPro.h in Headers */,
				A077A4A92885602C00235AAB /* OLNetworkInfo.h in Headers */,
				A077A4B42885602C00235AAB /* OLButton.h in Headers */,
				A077A420288540C000235AAB /* OneLoginRebuild.h in Headers */,
				A077A4B22885602C00235AAB /* GOPManager.h in Headers */,
				A077A4AA2885602C00235AAB /* OneLogin.h in Headers */,
				A077A4B32885602C00235AAB /* GOPError.h in Headers */,
				A077A4A72885602C00235AAB /* OLSizeUtil.h in Headers */,
				A077A4A82885602C00235AAB /* OLNavigationView.h in Headers */,
			);
			runOnlyForDeploymentPostprocessing = 0;
		};
		A08DCD092886807D00EC9C4F /* Headers */ = {
			isa = PBXHeadersBuildPhase;
			buildActionMask = 2147483647;
			files = (
				A08DCD152886809500EC9C4F /* account_login_sdk_noui_core.h in Headers */,
				A08DCD162886809500EC9C4F /* UniAuthHelper.h in Headers */,
			);
			runOnlyForDeploymentPostprocessing = 0;
		};
		A08DCD18288683DA00EC9C4F /* Headers */ = {
			isa = PBXHeadersBuildPhase;
			buildActionMask = 2147483647;
			files = (
				A08DCD28288683EE00EC9C4F /* EAccountPreLoginConfigModel.h in Headers */,
				A08DCD25288683EE00EC9C4F /* EAccountCTEConfig.h in Headers */,
				A08DCD27288683EE00EC9C4F /* EAccountJSEventHandler.h in Headers */,
				A08DCD26288683EE00EC9C4F /* EAccountSDK.h in Headers */,
			);
			runOnlyForDeploymentPostprocessing = 0;
		};
		A0A2EA2E28865E7300A574EC /* Headers */ = {
			isa = PBXHeadersBuildPhase;
			buildActionMask = 2147483647;
			files = (
				A0A2EA3B28865EAA00A574EC /* TYRZUISDK.h in Headers */,
				A0A2EA3E28865EAA00A574EC /* UASDKErrorCode.h in Headers */,
				A0A2EA3C28865EAA00A574EC /* UAEnums.h in Headers */,
				A0A2EA3D28865EAA00A574EC /* UACustomModel.h in Headers */,
				A0A2EA3F28865EAA00A574EC /* UASDKLogin.h in Headers */,
			);
			runOnlyForDeploymentPostprocessing = 0;
		};
/* End PBXHeadersBuildPhase section */

/* Begin PBXNativeTarget section */
		A077A41B288540C000235AAB /* OneLoginRebuild */ = {
			isa = PBXNativeTarget;
			buildConfigurationList = A077A423288540C000235AAB /* Build configuration list for PBXNativeTarget "OneLoginRebuild" */;
			buildPhases = (
				A077A417288540C000235AAB /* Headers */,
				A077A418288540C000235AAB /* Sources */,
				A077A419288540C000235AAB /* Frameworks */,
				A077A41A288540C000235AAB /* Resources */,
			);
			buildRules = (
			);
			dependencies = (
			);
			name = OneLoginRebuild;
			productName = OneLoginRebuild;
			productReference = A077A41C288540C000235AAB /* OneLoginRebuild.framework */;
			productType = "com.apple.product-type.framework";
		};
		A08DCD0D2886807D00EC9C4F /* CUCC */ = {
			isa = PBXNativeTarget;
			buildConfigurationList = A08DCD122886807D00EC9C4F /* Build configuration list for PBXNativeTarget "CUCC" */;
			buildPhases = (
				A08DCD092886807D00EC9C4F /* Headers */,
				A08DCD0A2886807D00EC9C4F /* Sources */,
				A08DCD0B2886807D00EC9C4F /* Frameworks */,
				A08DCD0C2886807D00EC9C4F /* Resources */,
			);
			buildRules = (
			);
			dependencies = (
			);
			name = CUCC;
			productName = account_login_sdk_noui_core;
			productReference = A08DCD0E2886807D00EC9C4F /* CUCC.framework */;
			productType = "com.apple.product-type.framework";
		};
		A08DCD1C288683DA00EC9C4F /* CTCC */ = {
			isa = PBXNativeTarget;
			buildConfigurationList = A08DCD21288683DA00EC9C4F /* Build configuration list for PBXNativeTarget "CTCC" */;
			buildPhases = (
				A08DCD18288683DA00EC9C4F /* Headers */,
				A08DCD19288683DA00EC9C4F /* Sources */,
				A08DCD1A288683DA00EC9C4F /* Frameworks */,
				A08DCD1B288683DA00EC9C4F /* Resources */,
			);
			buildRules = (
			);
			dependencies = (
			);
			name = CTCC;
			productName = CTCC;
			productReference = A08DCD1D288683DA00EC9C4F /* CTCC.framework */;
			productType = "com.apple.product-type.framework";
		};
		A0A2EA3228865E7300A574EC /* CMCC */ = {
			isa = PBXNativeTarget;
			buildConfigurationList = A0A2EA3928865E7300A574EC /* Build configuration list for PBXNativeTarget "CMCC" */;
			buildPhases = (
				A0A2EA2E28865E7300A574EC /* Headers */,
				A0A2EA2F28865E7300A574EC /* Sources */,
				A0A2EA3028865E7300A574EC /* Frameworks */,
				A0A2EA3128865E7300A574EC /* Resources */,
			);
			buildRules = (
			);
			dependencies = (
			);
			name = CMCC;
			productName = TYRZUISDK;
			productReference = A0A2EA3328865E7300A574EC /* CMCC.framework */;
			productType = "com.apple.product-type.framework";
		};
/* End PBXNativeTarget section */

/* Begin PBXProject section */
		A077A413288540C000235AAB /* Project object */ = {
			isa = PBXProject;
			attributes = {
				BuildIndependentTargetsInParallel = 1;
				LastUpgradeCheck = 1340;
				ORGANIZATIONNAME = anotheren.com;
				TargetAttributes = {
					A077A41B288540C000235AAB = {
						CreatedOnToolsVersion = 13.4.1;
						LastSwiftMigration = 1340;
					};
					A08DCD0D2886807D00EC9C4F = {
						CreatedOnToolsVersion = 13.4.1;
					};
					A08DCD1C288683DA00EC9C4F = {
						CreatedOnToolsVersion = 13.4.1;
					};
					A0A2EA3228865E7300A574EC = {
						CreatedOnToolsVersion = 13.4.1;
					};
				};
			};
			buildConfigurationList = A077A416288540C000235AAB /* Build configuration list for PBXProject "OneLoginRebuild" */;
			compatibilityVersion = "Xcode 13.0";
			developmentRegion = en;
			hasScannedForEncodings = 0;
			knownRegions = (
				en,
				Base,
			);
			mainGroup = A077A412288540C000235AAB;
			productRefGroup = A077A41D288540C000235AAB /* Products */;
			projectDirPath = "";
			projectRoot = "";
			targets = (
				A077A41B288540C000235AAB /* OneLoginRebuild */,
				A0A2EA3228865E7300A574EC /* CMCC */,
				A08DCD0D2886807D00EC9C4F /* CUCC */,
				A08DCD1C288683DA00EC9C4F /* CTCC */,
			);
		};
/* End PBXProject section */

/* Begin PBXResourcesBuildPhase section */
		A077A41A288540C000235AAB /* Resources */ = {
			isa = PBXResourcesBuildPhase;
			buildActionMask = 2147483647;
			files = (
				A077A4A52885602C00235AAB /* OneLoginResource.bundle in Resources */,
			);
			runOnlyForDeploymentPostprocessing = 0;
		};
		A08DCD0C2886807D00EC9C4F /* Resources */ = {
			isa = PBXResourcesBuildPhase;
			buildActionMask = 2147483647;
			files = (
			);
			runOnlyForDeploymentPostprocessing = 0;
		};
		A08DCD1B288683DA00EC9C4F /* Resources */ = {
			isa = PBXResourcesBuildPhase;
			buildActionMask = 2147483647;
			files = (
			);
			runOnlyForDeploymentPostprocessing = 0;
		};
		A0A2EA3128865E7300A574EC /* Resources */ = {
			isa = PBXResourcesBuildPhase;
			buildActionMask = 2147483647;
			files = (
			);
			runOnlyForDeploymentPostprocessing = 0;
		};
/* End PBXResourcesBuildPhase section */

/* Begin PBXSourcesBuildPhase section */
		A077A418288540C000235AAB /* Sources */ = {
			isa = PBXSourcesBuildPhase;
			buildActionMask = 2147483647;
			files = (
				A077A4722885465000235AAB /* OneLoginRebuild.swift in Sources */,
			);
			runOnlyForDeploymentPostprocessing = 0;
		};
		A08DCD0A2886807D00EC9C4F /* Sources */ = {
			isa = PBXSourcesBuildPhase;
			buildActionMask = 2147483647;
			files = (
			);
			runOnlyForDeploymentPostprocessing = 0;
		};
		A08DCD19288683DA00EC9C4F /* Sources */ = {
			isa = PBXSourcesBuildPhase;
			buildActionMask = 2147483647;
			files = (
			);
			runOnlyForDeploymentPostprocessing = 0;
		};
		A0A2EA2F28865E7300A574EC /* Sources */ = {
			isa = PBXSourcesBuildPhase;
			buildActionMask = 2147483647;
			files = (
			);
			runOnlyForDeploymentPostprocessing = 0;
		};
/* End PBXSourcesBuildPhase section */

/* Begin XCBuildConfiguration section */
		A077A421288540C000235AAB /* Debug */ = {
			isa = XCBuildConfiguration;
			buildSettings = {
				ALWAYS_SEARCH_USER_PATHS = NO;
				CLANG_ANALYZER_NONNULL = YES;
				CLANG_ANALYZER_NUMBER_OBJECT_CONVERSION = YES_AGGRESSIVE;
				CLANG_CXX_LANGUAGE_STANDARD = "gnu++17";
				CLANG_ENABLE_MODULES = YES;
				CLANG_ENABLE_OBJC_ARC = YES;
				CLANG_ENABLE_OBJC_WEAK = YES;
				CLANG_WARN_BLOCK_CAPTURE_AUTORELEASING = YES;
				CLANG_WARN_BOOL_CONVERSION = YES;
				CLANG_WARN_COMMA = YES;
				CLANG_WARN_CONSTANT_CONVERSION = YES;
				CLANG_WARN_DEPRECATED_OBJC_IMPLEMENTATIONS = YES;
				CLANG_WARN_DIRECT_OBJC_ISA_USAGE = YES_ERROR;
				CLANG_WARN_DOCUMENTATION_COMMENTS = YES;
				CLANG_WARN_EMPTY_BODY = YES;
				CLANG_WARN_ENUM_CONVERSION = YES;
				CLANG_WARN_INFINITE_RECURSION = YES;
				CLANG_WARN_INT_CONVERSION = YES;
				CLANG_WARN_NON_LITERAL_NULL_CONVERSION = YES;
				CLANG_WARN_OBJC_IMPLICIT_RETAIN_SELF = YES;
				CLANG_WARN_OBJC_LITERAL_CONVERSION = YES;
				CLANG_WARN_OBJC_ROOT_CLASS = YES_ERROR;
				CLANG_WARN_QUOTED_INCLUDE_IN_FRAMEWORK_HEADER = YES;
				CLANG_WARN_RANGE_LOOP_ANALYSIS = YES;
				CLANG_WARN_STRICT_PROTOTYPES = YES;
				CLANG_WARN_SUSPICIOUS_MOVE = YES;
				CLANG_WARN_UNGUARDED_AVAILABILITY = YES_AGGRESSIVE;
				CLANG_WARN_UNREACHABLE_CODE = YES;
				CLANG_WARN__DUPLICATE_METHOD_MATCH = YES;
				COPY_PHASE_STRIP = NO;
				CURRENT_PROJECT_VERSION = 1;
				DEBUG_INFORMATION_FORMAT = dwarf;
				ENABLE_STRICT_OBJC_MSGSEND = YES;
				ENABLE_TESTABILITY = YES;
				GCC_C_LANGUAGE_STANDARD = gnu11;
				GCC_DYNAMIC_NO_PIC = NO;
				GCC_NO_COMMON_BLOCKS = YES;
				GCC_OPTIMIZATION_LEVEL = 0;
				GCC_PREPROCESSOR_DEFINITIONS = (
					"DEBUG=1",
					"$(inherited)",
				);
				GCC_WARN_64_TO_32_BIT_CONVERSION = YES;
				GCC_WARN_ABOUT_RETURN_TYPE = YES_ERROR;
				GCC_WARN_UNDECLARED_SELECTOR = YES;
				GCC_WARN_UNINITIALIZED_AUTOS = YES_AGGRESSIVE;
				GCC_WARN_UNUSED_FUNCTION = YES;
				GCC_WARN_UNUSED_VARIABLE = YES;
				IPHONEOS_DEPLOYMENT_TARGET = 13.0;
				MTL_ENABLE_DEBUG_INFO = INCLUDE_SOURCE;
				MTL_FAST_MATH = YES;
				ONLY_ACTIVE_ARCH = YES;
				SDKROOT = iphoneos;
				SWIFT_ACTIVE_COMPILATION_CONDITIONS = DEBUG;
				SWIFT_OPTIMIZATION_LEVEL = "-Onone";
				VERSIONING_SYSTEM = "apple-generic";
				VERSION_INFO_PREFIX = "";
			};
			name = Debug;
		};
		A077A422288540C000235AAB /* Release */ = {
			isa = XCBuildConfiguration;
			buildSettings = {
				ALWAYS_SEARCH_USER_PATHS = NO;
				CLANG_ANALYZER_NONNULL = YES;
				CLANG_ANALYZER_NUMBER_OBJECT_CONVERSION = YES_AGGRESSIVE;
				CLANG_CXX_LANGUAGE_STANDARD = "gnu++17";
				CLANG_ENABLE_MODULES = YES;
				CLANG_ENABLE_OBJC_ARC = YES;
				CLANG_ENABLE_OBJC_WEAK = YES;
				CLANG_WARN_BLOCK_CAPTURE_AUTORELEASING = YES;
				CLANG_WARN_BOOL_CONVERSION = YES;
				CLANG_WARN_COMMA = YES;
				CLANG_WARN_CONSTANT_CONVERSION = YES;
				CLANG_WARN_DEPRECATED_OBJC_IMPLEMENTATIONS = YES;
				CLANG_WARN_DIRECT_OBJC_ISA_USAGE = YES_ERROR;
				CLANG_WARN_DOCUMENTATION_COMMENTS = YES;
				CLANG_WARN_EMPTY_BODY = YES;
				CLANG_WARN_ENUM_CONVERSION = YES;
				CLANG_WARN_INFINITE_RECURSION = YES;
				CLANG_WARN_INT_CONVERSION = YES;
				CLANG_WARN_NON_LITERAL_NULL_CONVERSION = YES;
				CLANG_WARN_OBJC_IMPLICIT_RETAIN_SELF = YES;
				CLANG_WARN_OBJC_LITERAL_CONVERSION = YES;
				CLANG_WARN_OBJC_ROOT_CLASS = YES_ERROR;
				CLANG_WARN_QUOTED_INCLUDE_IN_FRAMEWORK_HEADER = YES;
				CLANG_WARN_RANGE_LOOP_ANALYSIS = YES;
				CLANG_WARN_STRICT_PROTOTYPES = YES;
				CLANG_WARN_SUSPICIOUS_MOVE = YES;
				CLANG_WARN_UNGUARDED_AVAILABILITY = YES_AGGRESSIVE;
				CLANG_WARN_UNREACHABLE_CODE = YES;
				CLANG_WARN__DUPLICATE_METHOD_MATCH = YES;
				COPY_PHASE_STRIP = NO;
				CURRENT_PROJECT_VERSION = 1;
				DEBUG_INFORMATION_FORMAT = "dwarf-with-dsym";
				ENABLE_NS_ASSERTIONS = NO;
				ENABLE_STRICT_OBJC_MSGSEND = YES;
				GCC_C_LANGUAGE_STANDARD = gnu11;
				GCC_NO_COMMON_BLOCKS = YES;
				GCC_WARN_64_TO_32_BIT_CONVERSION = YES;
				GCC_WARN_ABOUT_RETURN_TYPE = YES_ERROR;
				GCC_WARN_UNDECLARED_SELECTOR = YES;
				GCC_WARN_UNINITIALIZED_AUTOS = YES_AGGRESSIVE;
				GCC_WARN_UNUSED_FUNCTION = YES;
				GCC_WARN_UNUSED_VARIABLE = YES;
				IPHONEOS_DEPLOYMENT_TARGET = 13.0;
				MTL_ENABLE_DEBUG_INFO = NO;
				MTL_FAST_MATH = YES;
				SDKROOT = iphoneos;
				SWIFT_COMPILATION_MODE = wholemodule;
				SWIFT_OPTIMIZATION_LEVEL = "-O";
				VALIDATE_PRODUCT = YES;
				VERSIONING_SYSTEM = "apple-generic";
				VERSION_INFO_PREFIX = "";
			};
			name = Release;
		};
		A077A424288540C000235AAB /* Debug */ = {
			isa = XCBuildConfiguration;
			buildSettings = {
				CLANG_ENABLE_MODULES = YES;
				CODE_SIGN_IDENTITY = "Apple Development";
				CODE_SIGN_STYLE = Automatic;
				CURRENT_PROJECT_VERSION = 1;
				DEFINES_MODULE = YES;
				DEVELOPMENT_TEAM = "";
				DYLIB_COMPATIBILITY_VERSION = 1;
				DYLIB_CURRENT_VERSION = 1;
				DYLIB_INSTALL_NAME_BASE = "@rpath";
				GENERATE_INFOPLIST_FILE = YES;
				INFOPLIST_KEY_NSHumanReadableCopyright = "";
				INSTALL_PATH = "$(LOCAL_LIBRARY_DIR)/Frameworks";
				IPHONEOS_DEPLOYMENT_TARGET = 13.0;
				LD_RUNPATH_SEARCH_PATHS = (
					"$(inherited)",
					"@executable_path/Frameworks",
					"@loader_path/Frameworks",
				);
				LIBRARY_SEARCH_PATHS = (
					"$(inherited)",
					"$(PROJECT_DIR)$(LOCAL_LIBRARY_DIR)/CMCC",
					"$(PROJECT_DIR)$(LOCAL_LIBRARY_DIR)/CUCC",
					"$(PROJECT_DIR)$(LOCAL_LIBRARY_DIR)/CTCC",
				);
				MACH_O_TYPE = staticlib;
				MARKETING_VERSION = 1.0.0;
				PRODUCT_BUNDLE_IDENTIFIER = com.anotheren.OneLoginRebuild;
				PRODUCT_NAME = "$(TARGET_NAME:c99extidentifier)";
				PROVISIONING_PROFILE_SPECIFIER = "";
				SKIP_INSTALL = YES;
				SUPPORTS_MACCATALYST = NO;
				SWIFT_EMIT_LOC_STRINGS = YES;
				SWIFT_OPTIMIZATION_LEVEL = "-Onone";
				SWIFT_VERSION = 5.0;
				TARGETED_DEVICE_FAMILY = "1,2";
			};
			name = Debug;
		};
		A077A425288540C000235AAB /* Release */ = {
			isa = XCBuildConfiguration;
			buildSettings = {
				CLANG_ENABLE_MODULES = YES;
				CODE_SIGN_IDENTITY = "Apple Development";
				CODE_SIGN_STYLE = Automatic;
				CURRENT_PROJECT_VERSION = 1;
				DEFINES_MODULE = YES;
				DEVELOPMENT_TEAM = "";
				DYLIB_COMPATIBILITY_VERSION = 1;
				DYLIB_CURRENT_VERSION = 1;
				DYLIB_INSTALL_NAME_BASE = "@rpath";
				GENERATE_INFOPLIST_FILE = YES;
				INFOPLIST_KEY_NSHumanReadableCopyright = "";
				INSTALL_PATH = "$(LOCAL_LIBRARY_DIR)/Frameworks";
				IPHONEOS_DEPLOYMENT_TARGET = 13.0;
				LD_RUNPATH_SEARCH_PATHS = (
					"$(inherited)",
					"@executable_path/Frameworks",
					"@loader_path/Frameworks",
				);
				LIBRARY_SEARCH_PATHS = (
					"$(inherited)",
					"$(PROJECT_DIR)$(LOCAL_LIBRARY_DIR)/CMCC",
					"$(PROJECT_DIR)$(LOCAL_LIBRARY_DIR)/CUCC",
					"$(PROJECT_DIR)$(LOCAL_LIBRARY_DIR)/CTCC",
				);
				MACH_O_TYPE = staticlib;
				MARKETING_VERSION = 1.0.0;
				PRODUCT_BUNDLE_IDENTIFIER = com.anotheren.OneLoginRebuild;
				PRODUCT_NAME = "$(TARGET_NAME:c99extidentifier)";
				PROVISIONING_PROFILE_SPECIFIER = "";
				SKIP_INSTALL = YES;
				SUPPORTS_MACCATALYST = NO;
				SWIFT_EMIT_LOC_STRINGS = YES;
				SWIFT_VERSION = 5.0;
				TARGETED_DEVICE_FAMILY = "1,2";
			};
			name = Release;
		};
		A08DCD132886807D00EC9C4F /* Debug */ = {
			isa = XCBuildConfiguration;
			buildSettings = {
				CODE_SIGN_STYLE = Automatic;
				CURRENT_PROJECT_VERSION = 1;
				DEFINES_MODULE = YES;
				DYLIB_COMPATIBILITY_VERSION = 1;
				DYLIB_CURRENT_VERSION = 1;
				DYLIB_INSTALL_NAME_BASE = "@rpath";
				GENERATE_INFOPLIST_FILE = YES;
				INFOPLIST_KEY_NSHumanReadableCopyright = "Copyright © 2022 anotheren.com. All rights reserved.";
				INSTALL_PATH = "$(LOCAL_LIBRARY_DIR)/Frameworks";
				IPHONEOS_DEPLOYMENT_TARGET = 13.0;
				LD_RUNPATH_SEARCH_PATHS = (
					"$(inherited)",
					"@executable_path/Frameworks",
					"@loader_path/Frameworks",
				);
				LIBRARY_SEARCH_PATHS = (
					"$(inherited)",
					"$(PROJECT_DIR)$(LOCAL_LIBRARY_DIR)/CUCC",
				);
				MACH_O_TYPE = staticlib;
				MARKETING_VERSION = 1.0.0;
				PRODUCT_BUNDLE_IDENTIFIER = com.anotheren.CUCC;
				PRODUCT_NAME = "$(TARGET_NAME:c99extidentifier)";
				SKIP_INSTALL = YES;
				SUPPORTS_MACCATALYST = NO;
				SWIFT_EMIT_LOC_STRINGS = YES;
				SWIFT_VERSION = 5.0;
				TARGETED_DEVICE_FAMILY = "1,2";
			};
			name = Debug;
		};
		A08DCD142886807D00EC9C4F /* Release */ = {
			isa = XCBuildConfiguration;
			buildSettings = {
				CODE_SIGN_STYLE = Automatic;
				CURRENT_PROJECT_VERSION = 1;
				DEFINES_MODULE = YES;
				DYLIB_COMPATIBILITY_VERSION = 1;
				DYLIB_CURRENT_VERSION = 1;
				DYLIB_INSTALL_NAME_BASE = "@rpath";
				GENERATE_INFOPLIST_FILE = YES;
				INFOPLIST_KEY_NSHumanReadableCopyright = "Copyright © 2022 anotheren.com. All rights reserved.";
				INSTALL_PATH = "$(LOCAL_LIBRARY_DIR)/Frameworks";
				IPHONEOS_DEPLOYMENT_TARGET = 13.0;
				LD_RUNPATH_SEARCH_PATHS = (
					"$(inherited)",
					"@executable_path/Frameworks",
					"@loader_path/Frameworks",
				);
				LIBRARY_SEARCH_PATHS = (
					"$(inherited)",
					"$(PROJECT_DIR)$(LOCAL_LIBRARY_DIR)/CUCC",
				);
				MACH_O_TYPE = staticlib;
				MARKETING_VERSION = 1.0.0;
				PRODUCT_BUNDLE_IDENTIFIER = com.anotheren.CUCC;
				PRODUCT_NAME = "$(TARGET_NAME:c99extidentifier)";
				SKIP_INSTALL = YES;
				SUPPORTS_MACCATALYST = NO;
				SWIFT_EMIT_LOC_STRINGS = YES;
				SWIFT_VERSION = 5.0;
				TARGETED_DEVICE_FAMILY = "1,2";
			};
			name = Release;
		};
		A08DCD22288683DA00EC9C4F /* Debug */ = {
			isa = XCBuildConfiguration;
			buildSettings = {
				CODE_SIGN_STYLE = Automatic;
				CURRENT_PROJECT_VERSION = 1;
				DEFINES_MODULE = YES;
				DYLIB_COMPATIBILITY_VERSION = 1;
				DYLIB_CURRENT_VERSION = 1;
				DYLIB_INSTALL_NAME_BASE = "@rpath";
				GENERATE_INFOPLIST_FILE = YES;
				INFOPLIST_KEY_NSHumanReadableCopyright = "Copyright © 2022 anotheren.com. All rights reserved.";
				INSTALL_PATH = "$(LOCAL_LIBRARY_DIR)/Frameworks";
				IPHONEOS_DEPLOYMENT_TARGET = 13.0;
				LD_RUNPATH_SEARCH_PATHS = (
					"$(inherited)",
					"@executable_path/Frameworks",
					"@loader_path/Frameworks",
				);
				LIBRARY_SEARCH_PATHS = (
					"$(inherited)",
					"$(PROJECT_DIR)$(LOCAL_LIBRARY_DIR)/CTCC",
				);
				MACH_O_TYPE = staticlib;
				MARKETING_VERSION = 1.0.0;
				PRODUCT_BUNDLE_IDENTIFIER = com.anotheren.CTCC;
				PRODUCT_NAME = "$(TARGET_NAME:c99extidentifier)";
				SKIP_INSTALL = YES;
				SUPPORTS_MACCATALYST = NO;
				SWIFT_EMIT_LOC_STRINGS = YES;
				SWIFT_VERSION = 5.0;
				TARGETED_DEVICE_FAMILY = "1,2";
			};
			name = Debug;
		};
		A08DCD23288683DA00EC9C4F /* Release */ = {
			isa = XCBuildConfiguration;
			buildSettings = {
				CODE_SIGN_STYLE = Automatic;
				CURRENT_PROJECT_VERSION = 1;
				DEFINES_MODULE = YES;
				DYLIB_COMPATIBILITY_VERSION = 1;
				DYLIB_CURRENT_VERSION = 1;
				DYLIB_INSTALL_NAME_BASE = "@rpath";
				GENERATE_INFOPLIST_FILE = YES;
				INFOPLIST_KEY_NSHumanReadableCopyright = "Copyright © 2022 anotheren.com. All rights reserved.";
				INSTALL_PATH = "$(LOCAL_LIBRARY_DIR)/Frameworks";
				IPHONEOS_DEPLOYMENT_TARGET = 13.0;
				LD_RUNPATH_SEARCH_PATHS = (
					"$(inherited)",
					"@executable_path/Frameworks",
					"@loader_path/Frameworks",
				);
				LIBRARY_SEARCH_PATHS = (
					"$(inherited)",
					"$(PROJECT_DIR)$(LOCAL_LIBRARY_DIR)/CTCC",
				);
				MACH_O_TYPE = staticlib;
				MARKETING_VERSION = 1.0.0;
				PRODUCT_BUNDLE_IDENTIFIER = com.anotheren.CTCC;
				PRODUCT_NAME = "$(TARGET_NAME:c99extidentifier)";
				SKIP_INSTALL = YES;
				SUPPORTS_MACCATALYST = NO;
				SWIFT_EMIT_LOC_STRINGS = YES;
				SWIFT_VERSION = 5.0;
				TARGETED_DEVICE_FAMILY = "1,2";
			};
			name = Release;
		};
		A0A2EA3728865E7300A574EC /* Debug */ = {
			isa = XCBuildConfiguration;
			buildSettings = {
				CODE_SIGN_STYLE = Automatic;
				CURRENT_PROJECT_VERSION = 1;
				DEFINES_MODULE = YES;
				DYLIB_COMPATIBILITY_VERSION = 1;
				DYLIB_CURRENT_VERSION = 1;
				DYLIB_INSTALL_NAME_BASE = "@rpath";
				GENERATE_INFOPLIST_FILE = YES;
				INFOPLIST_KEY_NSHumanReadableCopyright = "Copyright © 2022 anotheren.com. All rights reserved.";
				INSTALL_PATH = "$(LOCAL_LIBRARY_DIR)/Frameworks";
				IPHONEOS_DEPLOYMENT_TARGET = 13.0;
				LD_RUNPATH_SEARCH_PATHS = (
					"$(inherited)",
					"@executable_path/Frameworks",
					"@loader_path/Frameworks",
				);
				LIBRARY_SEARCH_PATHS = (
					"$(inherited)",
					"$(PROJECT_DIR)$(LOCAL_LIBRARY_DIR)/CMCC",
				);
				MACH_O_TYPE = staticlib;
				MARKETING_VERSION = 1.0.0;
				PRODUCT_BUNDLE_IDENTIFIER = com.anotheren.CMCC;
				PRODUCT_NAME = CMCC;
				SKIP_INSTALL = YES;
				SUPPORTS_MACCATALYST = NO;
				SWIFT_EMIT_LOC_STRINGS = YES;
				SWIFT_VERSION = 5.0;
				TARGETED_DEVICE_FAMILY = "1,2";
			};
			name = Debug;
		};
		A0A2EA3828865E7300A574EC /* Release */ = {
			isa = XCBuildConfiguration;
			buildSettings = {
				CODE_SIGN_STYLE = Automatic;
				CURRENT_PROJECT_VERSION = 1;
				DEFINES_MODULE = YES;
				DYLIB_COMPATIBILITY_VERSION = 1;
				DYLIB_CURRENT_VERSION = 1;
				DYLIB_INSTALL_NAME_BASE = "@rpath";
				GENERATE_INFOPLIST_FILE = YES;
				INFOPLIST_KEY_NSHumanReadableCopyright = "Copyright © 2022 anotheren.com. All rights reserved.";
				INSTALL_PATH = "$(LOCAL_LIBRARY_DIR)/Frameworks";
				IPHONEOS_DEPLOYMENT_TARGET = 13.0;
				LD_RUNPATH_SEARCH_PATHS = (
					"$(inherited)",
					"@executable_path/Frameworks",
					"@loader_path/Frameworks",
				);
				LIBRARY_SEARCH_PATHS = (
					"$(inherited)",
					"$(PROJECT_DIR)$(LOCAL_LIBRARY_DIR)/CMCC",
				);
				MACH_O_TYPE = staticlib;
				MARKETING_VERSION = 1.0.0;
				PRODUCT_BUNDLE_IDENTIFIER = com.anotheren.CMCC;
				PRODUCT_NAME = CMCC;
				SKIP_INSTALL = YES;
				SUPPORTS_MACCATALYST = NO;
				SWIFT_EMIT_LOC_STRINGS = YES;
				SWIFT_VERSION = 5.0;
				TARGETED_DEVICE_FAMILY = "1,2";
			};
			name = Release;
		};
/* End XCBuildConfiguration section */

/* Begin XCConfigurationList section */
		A077A416288540C000235AAB /* Build configuration list for PBXProject "OneLoginRebuild" */ = {
			isa = XCConfigurationList;
			buildConfigurations = (
				A077A421288540C000235AAB /* Debug */,
				A077A422288540C000235AAB /* Release */,
			);
			defaultConfigurationIsVisible = 0;
			defaultConfigurationName = Release;
		};
		A077A423288540C000235AAB /* Build configuration list for PBXNativeTarget "OneLoginRebuild" */ = {
			isa = XCConfigurationList;
			buildConfigurations = (
				A077A424288540C000235AAB /* Debug */,
				A077A425288540C000235AAB /* Release */,
			);
			defaultConfigurationIsVisible = 0;
			defaultConfigurationName = Release;
		};
		A08DCD122886807D00EC9C4F /* Build configuration list for PBXNativeTarget "CUCC" */ = {
			isa = XCConfigurationList;
			buildConfigurations = (
				A08DCD132886807D00EC9C4F /* Debug */,
				A08DCD142886807D00EC9C4F /* Release */,
			);
			defaultConfigurationIsVisible = 0;
			defaultConfigurationName = Release;
		};
		A08DCD21288683DA00EC9C4F /* Build configuration list for PBXNativeTarget "CTCC" */ = {
			isa = XCConfigurationList;
			buildConfigurations = (
				A08DCD22288683DA00EC9C4F /* Debug */,
				A08DCD23288683DA00EC9C4F /* Release */,
			);
			defaultConfigurationIsVisible = 0;
			defaultConfigurationName = Release;
		};
		A0A2EA3928865E7300A574EC /* Build configuration list for PBXNativeTarget "CMCC" */ = {
			isa = XCConfigurationList;
			buildConfigurations = (
				A0A2EA3728865E7300A574EC /* Debug */,
				A0A2EA3828865E7300A574EC /* Release */,
			);
			defaultConfigurationIsVisible = 0;
			defaultConfigurationName = Release;
		};
/* End XCConfigurationList section */
	};
	rootObject = A077A413288540C000235AAB /* Project object */;
}
